// !$*UTF8*$!
{
	archiveVersion = 1;
	classes = {
	};
	objectVersion = 50;
	objects = {

/* Begin PBXBuildFile section */
		A60690CE2437DB7F00FF7EA8 /* AppDelegate.swift in Sources */ = {isa = PBXBuildFile; fileRef = A60690CD2437DB7F00FF7EA8 /* AppDelegate.swift */; };
		A60690D02437DB7F00FF7EA8 /* SceneDelegate.swift in Sources */ = {isa = PBXBuildFile; fileRef = A60690CF2437DB7F00FF7EA8 /* SceneDelegate.swift */; };
		A60690D22437DB7F00FF7EA8 /* ContentView.swift in Sources */ = {isa = PBXBuildFile; fileRef = A60690D12437DB7F00FF7EA8 /* ContentView.swift */; };
		A60690D42437DB8100FF7EA8 /* Assets.xcassets in Resources */ = {isa = PBXBuildFile; fileRef = A60690D32437DB8100FF7EA8 /* Assets.xcassets */; };
		A60690D72437DB8100FF7EA8 /* Preview Assets.xcassets in Resources */ = {isa = PBXBuildFile; fileRef = A60690D62437DB8100FF7EA8 /* Preview Assets.xcassets */; };
		A60690DA2437DB8100FF7EA8 /* LaunchScreen.storyboard in Resources */ = {isa = PBXBuildFile; fileRef = A60690D82437DB8100FF7EA8 /* LaunchScreen.storyboard */; };
/* End PBXBuildFile section */

/* Begin PBXFileReference section */
		A60690CA2437DB7F00FF7EA8 /* JackTest.app */ = {isa = PBXFileReference; explicitFileType = wrapper.application; includeInIndex = 0; path = JackTest.app; sourceTree = BUILT_PRODUCTS_DIR; };
		A60690CD2437DB7F00FF7EA8 /* AppDelegate.swift */ = {isa = PBXFileReference; lastKnownFileType = sourcecode.swift; path = AppDelegate.swift; sourceTree = "<group>"; };
		A60690CF2437DB7F00FF7EA8 /* SceneDelegate.swift */ = {isa = PBXFileReference; lastKnownFileType = sourcecode.swift; path = SceneDelegate.swift; sourceTree = "<group>"; };
		A60690D12437DB7F00FF7EA8 /* ContentView.swift */ = {isa = PBXFileReference; lastKnownFileType = sourcecode.swift; path = ContentView.swift; sourceTree = "<group>"; };
		A60690D32437DB8100FF7EA8 /* Assets.xcassets */ = {isa = PBXFileReference; lastKnownFileType = folder.assetcatalog; path = Assets.xcassets; sourceTree = "<group>"; };
		A60690D62437DB8100FF7EA8 /* Preview Assets.xcassets */ = {isa = PBXFileReference; lastKnownFileType = folder.assetcatalog; path = "Preview Assets.xcassets"; sourceTree = "<group>"; };
		A60690D92437DB8100FF7EA8 /* Base */ = {isa = PBXFileReference; lastKnownFileType = file.storyboard; name = Base; path = Base.lproj/LaunchScreen.storyboard; sourceTree = "<group>"; };
		A60690DB2437DB8100FF7EA8 /* Info.plist */ = {isa = PBXFileReference; lastKnownFileType = text.plist.xml; path = Info.plist; sourceTree = "<group>"; };
/* End PBXFileReference section */

/* Begin PBXFrameworksBuildPhase section */
		A60690C72437DB7F00FF7EA8 /* Frameworks */ = {
			isa = PBXFrameworksBuildPhase;
			buildActionMask = 2147483647;
			files = (
			);
			runOnlyForDeploymentPostprocessing = 0;
		};
/* End PBXFrameworksBuildPhase section */

/* Begin PBXGroup section */
		A60690C12437DB7F00FF7EA8 = {
			isa = PBXGroup;
			children = (
				A60690CC2437DB7F00FF7EA8 /* JackTest */,
				A60690CB2437DB7F00FF7EA8 /* Products */,
			);
			sourceTree = "<group>";
		};
		A60690CB2437DB7F00FF7EA8 /* Products */ = {
			isa = PBXGroup;
			children = (
				A60690CA2437DB7F00FF7EA8 /* JackTest.app */,
			);
			name = Products;
			sourceTree = "<group>";
		};
		A60690CC2437DB7F00FF7EA8 /* JackTest */ = {
			isa = PBXGroup;
			children = (
				A60690CD2437DB7F00FF7EA8 /* AppDelegate.swift */,
				A60690CF2437DB7F00FF7EA8 /* SceneDelegate.swift */,
				A60690D12437DB7F00FF7EA8 /* ContentView.swift */,
				A60690D32437DB8100FF7EA8 /* Assets.xcassets */,
				A60690D82437DB8100FF7EA8 /* LaunchScreen.storyboard */,
				A60690DB2437DB8100FF7EA8 /* Info.plist */,
				A60690D52437DB8100FF7EA8 /* Preview Content */,
			);
			path = JackTest;
			sourceTree = "<group>";
		};
		A60690D52437DB8100FF7EA8 /* Preview Content */ = {
			isa = PBXGroup;
			children = (
				A60690D62437DB8100FF7EA8 /* Preview Assets.xcassets */,
			);
			path = "Preview Content";
			sourceTree = "<group>";
		};
/* End PBXGroup section */

/* Begin PBXNativeTarget section */
		A60690C92437DB7F00FF7EA8 /* JackTest */ = {
			isa = PBXNativeTarget;
			buildConfigurationList = A60690DE2437DB8100FF7EA8 /* Build configuration list for PBXNativeTarget "JackTest" */;
			buildPhases = (
				A60690C62437DB7F00FF7EA8 /* Sources */,
				A60690C72437DB7F00FF7EA8 /* Frameworks */,
				A60690C82437DB7F00FF7EA8 /* Resources */,
			);
			buildRules = (
			);
			dependencies = (
			);
			name = JackTest;
			productName = JackTest;
			productReference = A60690CA2437DB7F00FF7EA8 /* JackTest.app */;
			productType = "com.apple.product-type.application";
		};
/* End PBXNativeTarget section */

/* Begin PBXProject section */
		A60690C22437DB7F00FF7EA8 /* Project object */ = {
			isa = PBXProject;
			attributes = {
				LastSwiftUpdateCheck = 1110;
				LastUpgradeCheck = 1110;
				ORGANIZATIONNAME = Natsys;
				TargetAttributes = {
					A60690C92437DB7F00FF7EA8 = {
						CreatedOnToolsVersion = 11.1;
					};
				};
			};
			buildConfigurationList = A60690C52437DB7F00FF7EA8 /* Build configuration list for PBXProject "JackTest" */;
			compatibilityVersion = "Xcode 9.3";
			developmentRegion = en;
			hasScannedForEncodings = 0;
			knownRegions = (
				en,
				Base,
			);
			mainGroup = A60690C12437DB7F00FF7EA8;
			productRefGroup = A60690CB2437DB7F00FF7EA8 /* Products */;
			projectDirPath = "";
			projectRoot = "";
			targets = (
				A60690C92437DB7F00FF7EA8 /* JackTest */,
			);
		};
/* End PBXProject section */

/* Begin PBXResourcesBuildPhase section */
		A60690C82437DB7F00FF7EA8 /* Resources */ = {
			isa = PBXResourcesBuildPhase;
			buildActionMask = 2147483647;
			files = (
				A60690DA2437DB8100FF7EA8 /* LaunchScreen.storyboard in Resources */,
				A60690D72437DB8100FF7EA8 /* Preview Assets.xcassets in Resources */,
				A60690D42437DB8100FF7EA8 /* Assets.xcassets in Resources */,
			);
			runOnlyForDeploymentPostprocessing = 0;
		};
/* End PBXResourcesBuildPhase section */

/* Begin PBXSourcesBuildPhase section */
		A60690C62437DB7F00FF7EA8 /* Sources */ = {
			isa = PBXSourcesBuildPhase;
			buildActionMask = 2147483647;
			files = (
				A60690CE2437DB7F00FF7EA8 /* AppDelegate.swift in Sources */,
				A60690D02437DB7F00FF7EA8 /* SceneDelegate.swift in Sources */,
				A60690D22437DB7F00FF7EA8 /* ContentView.swift in Sources */,
			);
			runOnlyForDeploymentPostprocessing = 0;
		};
/* End PBXSourcesBuildPhase section */

/* Begin PBXVariantGroup section */
		A60690D82437DB8100FF7EA8 /* LaunchScreen.storyboard */ = {
			isa = PBXVariantGroup;
			children = (
				A60690D92437DB8100FF7EA8 /* Base */,
			);
			name = LaunchScreen.storyboard;
			sourceTree = "<group>";
		};
/* End PBXVariantGroup section */

/* Begin XCBuildConfiguration section */
		A60690DC2437DB8100FF7EA8 /* Debug */ = {
			isa = XCBuildConfiguration;
			buildSettings = {
				ALWAYS_SEARCH_USER_PATHS = NO;
				CLANG_ANALYZER_NONNULL = YES;
				CLANG_ANALYZER_NUMBER_OBJECT_CONVERSION = YES_AGGRESSIVE;
				CLANG_CXX_LANGUAGE_STANDARD = "gnu++14";
				CLANG_CXX_LIBRARY = "libc++";
				CLANG_ENABLE_MODULES = YES;
				CLANG_ENABLE_OBJC_ARC = YES;
				CLANG_ENABLE_OBJC_WEAK = YES;
				CLANG_WARN_BLOCK_CAPTURE_AUTORELEASING = YES;
				CLANG_WARN_BOOL_CONVERSION = YES;
				CLANG_WARN_COMMA = YES;
				CLANG_WARN_CONSTANT_CONVERSION = YES;
				CLANG_WARN_DEPRECATED_OBJC_IMPLEMENTATIONS = YES;
				CLANG_WARN_DIRECT_OBJC_ISA_USAGE = YES_ERROR;
				CLANG_WARN_DOCUMENTATION_COMMENTS = YES;
				CLANG_WARN_EMPTY_BODY = YES;
				CLANG_WARN_ENUM_CONVERSION = YES;
				CLANG_WARN_INFINITE_RECURSION = YES;
				CLANG_WARN_INT_CONVERSION = YES;
				CLANG_WARN_NON_LITERAL_NULL_CONVERSION = YES;
				CLANG_WARN_OBJC_IMPLICIT_RETAIN_SELF = YES;
				CLANG_WARN_OBJC_LITERAL_CONVERSION = YES;
				CLANG_WARN_OBJC_ROOT_CLASS = YES_ERROR;
				CLANG_WARN_RANGE_LOOP_ANALYSIS = YES;
				CLANG_WARN_STRICT_PROTOTYPES = YES;
				CLANG_WARN_SUSPICIOUS_MOVE = YES;
				CLANG_WARN_UNGUARDED_AVAILABILITY = YES_AGGRESSIVE;
				CLANG_WARN_UNREACHABLE_CODE = YES;
				CLANG_WARN__DUPLICATE_METHOD_MATCH = YES;
				COPY_PHASE_STRIP = NO;
				DEBUG_INFORMATION_FORMAT = dwarf;
				ENABLE_STRICT_OBJC_MSGSEND = YES;
				ENABLE_TESTABILITY = YES;
				GCC_C_LANGUAGE_STANDARD = gnu11;
				GCC_DYNAMIC_NO_PIC = NO;
				GCC_NO_COMMON_BLOCKS = YES;
				GCC_OPTIMIZATION_LEVEL = 0;
				GCC_PREPROCESSOR_DEFINITIONS = (
					"DEBUG=1",
					"$(inherited)",
				);
				GCC_WARN_64_TO_32_BIT_CONVERSION = YES;
				GCC_WARN_ABOUT_RETURN_TYPE = YES_ERROR;
				GCC_WARN_UNDECLARED_SELECTOR = YES;
				GCC_WARN_UNINITIALIZED_AUTOS = YES_AGGRESSIVE;
				GCC_WARN_UNUSED_FUNCTION = YES;
				GCC_WARN_UNUSED_VARIABLE = YES;
				IPHONEOS_DEPLOYMENT_TARGET = 13.1;
				MTL_ENABLE_DEBUG_INFO = INCLUDE_SOURCE;
				MTL_FAST_MATH = YES;
				ONLY_ACTIVE_ARCH = YES;
				SDKROOT = iphoneos;
				SWIFT_ACTIVE_COMPILATION_CONDITIONS = DEBUG;
				SWIFT_OPTIMIZATION_LEVEL = "-Onone";
			};
			name = Debug;
		};
		A60690DD2437DB8100FF7EA8 /* Release */ = {
			isa = XCBuildConfiguration;
			buildSettings = {
				ALWAYS_SEARCH_USER_PATHS = NO;
				CLANG_ANALYZER_NONNULL = YES;
				CLANG_ANALYZER_NUMBER_OBJECT_CONVERSION = YES_AGGRESSIVE;
				CLANG_CXX_LANGUAGE_STANDARD = "gnu++14";
				CLANG_CXX_LIBRARY = "libc++";
				CLANG_ENABLE_MODULES = YES;
				CLANG_ENABLE_OBJC_ARC = YES;
				CLANG_ENABLE_OBJC_WEAK = YES;
				CLANG_WARN_BLOCK_CAPTURE_AUTORELEASING = YES;
				CLANG_WARN_BOOL_CONVERSION = YES;
				CLANG_WARN_COMMA = YES;
				CLANG_WARN_CONSTANT_CONVERSION = YES;
				CLANG_WARN_DEPRECATED_OBJC_IMPLEMENTATIONS = YES;
				CLANG_WARN_DIRECT_OBJC_ISA_USAGE = YES_ERROR;
				CLANG_WARN_DOCUMENTATION_COMMENTS = YES;
				CLANG_WARN_EMPTY_BODY = YES;
				CLANG_WARN_ENUM_CONVERSION = YES;
				CLANG_WARN_INFINITE_RECURSION = YES;
				CLANG_WARN_INT_CONVERSION = YES;
				CLANG_WARN_NON_LITERAL_NULL_CONVERSION = YES;
				CLANG_WARN_OBJC_IMPLICIT_RETAIN_SELF = YES;
				CLANG_WARN_OBJC_LITERAL_CONVERSION = YES;
				CLANG_WARN_OBJC_ROOT_CLASS = YES_ERROR;
				CLANG_WARN_RANGE_LOOP_ANALYSIS = YES;
				CLANG_WARN_STRICT_PROTOTYPES = YES;
				CLANG_WARN_SUSPICIOUS_MOVE = YES;
				CLANG_WARN_UNGUARDED_AVAILABILITY = YES_AGGRESSIVE;
				CLANG_WARN_UNREACHABLE_CODE = YES;
				CLANG_WARN__DUPLICATE_METHOD_MATCH = YES;
				COPY_PHASE_STRIP = NO;
				DEBUG_INFORMATION_FORMAT = "dwarf-with-dsym";
				ENABLE_NS_ASSERTIONS = NO;
				ENABLE_STRICT_OBJC_MSGSEND = YES;
				GCC_C_LANGUAGE_STANDARD = gnu11;
				GCC_NO_COMMON_BLOCKS = YES;
				GCC_WARN_64_TO_32_BIT_CONVERSION = YES;
				GCC_WARN_ABOUT_RETURN_TYPE = YES_ERROR;
				GCC_WARN_UNDECLARED_SELECTOR = YES;
				GCC_WARN_UNINITIALIZED_AUTOS = YES_AGGRESSIVE;
				GCC_WARN_UNUSED_FUNCTION = YES;
				GCC_WARN_UNUSED_VARIABLE = YES;
				IPHONEOS_DEPLOYMENT_TARGET = 13.1;
				MTL_ENABLE_DEBUG_INFO = NO;
				MTL_FAST_MATH = YES;
				SDKROOT = iphoneos;
				SWIFT_COMPILATION_MODE = wholemodule;
				SWIFT_OPTIMIZATION_LEVEL = "-O";
				VALIDATE_PRODUCT = YES;
			};
			name = Release;
		};
		A60690DF2437DB8100FF7EA8 /* Debug */ = {
			isa = XCBuildConfiguration;
			buildSettings = {
				ASSETCATALOG_COMPILER_APPICON_NAME = AppIcon;
				CODE_SIGN_STYLE = Automatic;
				DEVELOPMENT_ASSET_PATHS = "\"JackTest/Preview Content\"";
				DEVELOPMENT_TEAM = YEPB2Q5VF6;
				ENABLE_PREVIEWS = YES;
				INFOPLIST_FILE = JackTest/Info.plist;
				LD_RUNPATH_SEARCH_PATHS = (
					"$(inherited)",
					"@executable_path/Frameworks",
				);
				PRODUCT_BUNDLE_IDENTIFIER = com.natsys.JackTest;
				PRODUCT_NAME = "$(TARGET_NAME)";
				SWIFT_VERSION = 5.0;
				TARGETED_DEVICE_FAMILY = "1,2";
			};
			name = Debug;
		};
		A60690E02437DB8100FF7EA8 /* Release */ = {
			isa = XCBuildConfiguration;
			buildSettings = {
				ASSETCATALOG_COMPILER_APPICON_NAME = AppIcon;
				CODE_SIGN_STYLE = Automatic;
				DEVELOPMENT_ASSET_PATHS = "\"JackTest/Preview Content\"";
				DEVELOPMENT_TEAM = YEPB2Q5VF6;
				ENABLE_PREVIEWS = YES;
				INFOPLIST_FILE = JackTest/Info.plist;
				LD_RUNPATH_SEARCH_PATHS = (
					"$(inherited)",
					"@executable_path/Frameworks",
				);
				PRODUCT_BUNDLE_IDENTIFIER = com.natsys.JackTest;
				PRODUCT_NAME = "$(TARGET_NAME)";
				SWIFT_VERSION = 5.0;
				TARGETED_DEVICE_FAMILY = "1,2";
			};
			name = Release;
		};
/* End XCBuildConfiguration section */

/* Begin XCConfigurationList section */
		A60690C52437DB7F00FF7EA8 /* Build configuration list for PBXProject "JackTest" */ = {
			isa = XCConfigurationList;
			buildConfigurations = (
				A60690DC2437DB8100FF7EA8 /* Debug */,
				A60690DD2437DB8100FF7EA8 /* Release */,
			);
			defaultConfigurationIsVisible = 0;
			defaultConfigurationName = Release;
		};
		A60690DE2437DB8100FF7EA8 /* Build configuration list for PBXNativeTarget "JackTest" */ = {
			isa = XCConfigurationList;
			buildConfigurations = (
				A60690DF2437DB8100FF7EA8 /* Debug */,
				A60690E02437DB8100FF7EA8 /* Release */,
			);
			defaultConfigurationIsVisible = 0;
			defaultConfigurationName = Release;
		};
/* End XCConfigurationList section */
	};
	rootObject = A60690C22437DB7F00FF7EA8 /* Project object */;
}
